<?xml version="1.0" encoding="utf-8"?>
<Project ToolsVersion="4.0" xmlns="http://schemas.microsoft.com/developer/msbuild/2003">
  <ItemGroup>
    <Filter Include="Source Files">
      <UniqueIdentifier>{4FC737F1-C7A5-4376-A066-2A32D752A2FF}</UniqueIdentifier>
      <Extensions>cpp;c;cc;cxx;def;odl;idl;hpj;bat;asm;asmx</Extensions>
    </Filter>
    <Filter Include="Header Files">
      <UniqueIdentifier>{93995380-89BD-4b04-88EB-625FBE52EBFB}</UniqueIdentifier>
      <Extensions>h;hh;hpp;hxx;hm;inl;inc;ipp;xsd</Extensions>
    </Filter>
    <Filter Include="Resource Files">
      <UniqueIdentifier>{67DA6AB6-F800-4c08-8B7A-83BB121AAD01}</UniqueIdentifier>
      <Extensions>rc;ico;cur;bmp;dlg;rc2;rct;bin;rgs;gif;jpg;jpeg;jpe;resx;tiff;tif;png;wav;mfcribbon-ms</Extensions>
    </Filter>
    <Filter Include="Header Files\Entities">
      <UniqueIdentifier>{8a5af35c-9a69-4637-8018-2db52d4c81a2}</UniqueIdentifier>
    </Filter>
    <Filter Include="Source Files\Entities">
      <UniqueIdentifier>{2857ee77-a52a-4831-8424-563ef9434872}</UniqueIdentifier>
    </Filter>
    <Filter Include="Header Files\Qbert">
      <UniqueIdentifier>{c43a618e-ee81-41ad-9abe-dd4bbdc115ce}</UniqueIdentifier>
    </Filter>
    <Filter Include="Source Files\Qbert">
      <UniqueIdentifier>{4e253425-9af8-4e9e-ab0e-d785647cd7ff}</UniqueIdentifier>
    </Filter>
  </ItemGroup>
  <ItemGroup>
    <ClInclude Include="Graphics.h">
      <Filter>Header Files</Filter>
    </ClInclude>
    <ClInclude Include="GameManager.h">
      <Filter>Header Files</Filter>
    </ClInclude>
    <ClInclude Include="Timer.h">
      <Filter>Header Files</Filter>
    </ClInclude>
    <ClInclude Include="MathHelper.h">
      <Filter>Header Files</Filter>
    </ClInclude>
    <ClInclude Include="GameEntity.h">
      <Filter>Header Files\Entities</Filter>
    </ClInclude>
    <ClInclude Include="Texture.h">
      <Filter>Header Files\Entities</Filter>
    </ClInclude>
    <ClInclude Include="AssetManager.h">
      <Filter>Header Files</Filter>
    </ClInclude>
    <ClInclude Include="InputManager.h">
      <Filter>Header Files</Filter>
    </ClInclude>
    <ClInclude Include="AnimatedTexture.h">
      <Filter>Header Files\Entities</Filter>
    </ClInclude>
    <ClInclude Include="AudioManager.h">
      <Filter>Header Files</Filter>
    </ClInclude>
    <ClInclude Include="StartScreen.h">
      <Filter>Header Files\Qbert</Filter>
    </ClInclude>
    <ClInclude Include="ScreenManager.h">
      <Filter>Header Files\Qbert</Filter>
    </ClInclude>
    <ClInclude Include="PlayScreen.h">
      <Filter>Header Files</Filter>
    </ClInclude>
    <ClInclude Include="PlaySideBar.h">
      <Filter>Header Files\Qbert</Filter>
    </ClInclude>
    <ClInclude Include="PlayerSideBar.h">
      <Filter>Header Files\Qbert</Filter>
    </ClInclude>
    <ClInclude Include="ScoreBoard.h">
      <Filter>Header Files\Qbert</Filter>
    </ClInclude>
    <ClInclude Include="Player.h">
      <Filter>Header Files\Qbert</Filter>
    </ClInclude>
    <ClInclude Include="Level.h">
      <Filter>Header Files\Qbert</Filter>
    </ClInclude>
    <ClInclude Include="Cube.h">
      <Filter>Header Files\Qbert</Filter>
    </ClInclude>
    <ClInclude Include="Coily.h">
      <Filter>Header Files\Qbert</Filter>
    </ClInclude>
    <ClInclude Include="Ball.h">
      <Filter>Header Files\Qbert</Filter>
    </ClInclude>
    <ClInclude Include="GreenBall.h">
      <Filter>Header Files\Qbert</Filter>
    </ClInclude>
    <ClInclude Include="Disk.h">
      <Filter>Header Files\Qbert</Filter>
    </ClInclude>
  </ItemGroup>
  <ItemGroup>
    <ClCompile Include="Graphics.cpp">
      <Filter>Source Files</Filter>
    </ClCompile>
    <ClCompile Include="GameManager.cpp">
      <Filter>Source Files</Filter>
    </ClCompile>
    <ClCompile Include="main.cpp">
      <Filter>Source Files</Filter>
    </ClCompile>
    <ClCompile Include="Timer.cpp">
      <Filter>Source Files</Filter>
    </ClCompile>
    <ClCompile Include="GameEntity.cpp">
      <Filter>Source Files\Entities</Filter>
    </ClCompile>
    <ClCompile Include="Texture.cpp">
      <Filter>Source Files\Entities</Filter>
    </ClCompile>
    <ClCompile Include="AssetManager.cpp">
      <Filter>Source Files</Filter>
    </ClCompile>
    <ClCompile Include="InputManager.cpp">
      <Filter>Source Files</Filter>
    </ClCompile>
    <ClCompile Include="AnimatedTexture.cpp">
      <Filter>Source Files\Entities</Filter>
    </ClCompile>
    <ClCompile Include="AudioManager.cpp">
      <Filter>Source Files</Filter>
    </ClCompile>
    <ClCompile Include="StartScreen.cpp">
      <Filter>Source Files\Qbert</Filter>
    </ClCompile>
    <ClCompile Include="ScreenManager.cpp">
      <Filter>Source Files\Qbert</Filter>
    </ClCompile>
    <ClCompile Include="PlayScreen.cpp">
      <Filter>Source Files</Filter>
    </ClCompile>
    <ClCompile Include="PlaySideBar.cpp">
      <Filter>Source Files\Qbert</Filter>
    </ClCompile>
    <ClCompile Include="PlayerSideBar.cpp">
      <Filter>Source Files\Qbert</Filter>
    </ClCompile>
    <ClCompile Include="ScoreBoard.cpp">
      <Filter>Source Files\Qbert</Filter>
    </ClCompile>
    <ClCompile Include="Player.cpp">
      <Filter>Source Files\Qbert</Filter>
    </ClCompile>
    <ClCompile Include="Level.cpp">
      <Filter>Source Files\Qbert</Filter>
    </ClCompile>
    <ClCompile Include="Cube.cpp">
      <Filter>Source Files\Qbert</Filter>
    </ClCompile>
    <ClCompile Include="Coily.cpp">
      <Filter>Source Files\Qbert</Filter>
    </ClCompile>
    <ClCompile Include="Ball.cpp">
      <Filter>Source Files\Qbert</Filter>
    </ClCompile>
    <ClCompile Include="GreenBall.cpp">
      <Filter>Source Files\Qbert</Filter>
    </ClCompile>
    <ClCompile Include="Disk.cpp">
      <Filter>Source Files\Qbert</Filter>
    </ClCompile>
  </ItemGroup>
</Project>